
Microsoft Visual Studio Solution File, Format Version 11.00
# Visual C++ Express 2010
Project("{8BC9CEB8-8B4A-11D0-8D11-00A0C91BC942}") = "Cattle Cannon", "IniciandoBox2D.vcxproj", "{84DAE076-8933-4381-9CAC-14F4A2933E8C}"
EndProject
Global
	GlobalSection(SolutionConfigurationPlatforms) = preSolution
		Debug|Win32 = Debug|Win32
		Release|Win32 = Release|Win32
		zzz|Win32 = zzz|Win32
	EndGlobalSection
	GlobalSection(ProjectConfigurationPlatforms) = postSolution
		{84DAE076-8933-4381-9CAC-14F4A2933E8C}.Debug|Win32.ActiveCfg = Debug|Win32
		{84DAE076-8933-4381-9CAC-14F4A2933E8C}.Debug|Win32.Build.0 = Debug|Win32
		{84DAE076-8933-4381-9CAC-14F4A2933E8C}.Release|Win32.ActiveCfg = Release|Win32
		{84DAE076-8933-4381-9CAC-14F4A2933E8C}.Release|Win32.Build.0 = Release|Win32
		{84DAE076-8933-4381-9CAC-14F4A2933E8C}.zzz|Win32.ActiveCfg = zzz|Win32
		{84DAE076-8933-4381-9CAC-14F4A2933E8C}.zzz|Win32.Build.0 = zzz|Win32
	EndGlobalSection
	GlobalSection(SolutionProperties) = preSolution
		HideSolutionNode = FALSE
	EndGlobalSection
EndGlobal
